
Microsoft Visual Studio Solution File, Format Version 12.00
# Visual Studio 15
VisualStudioVersion = 15.0.26124.0
MinimumVisualStudioVersion = 15.0.26124.0
Project("{2150E333-8FDC-42A3-9474-1A3956D46DE8}") = "src", "src", "{DA7E3E4C-74DA-4E42-A518-1068F6E07545}"
EndProject
Project("{2150E333-8FDC-42A3-9474-1A3956D46DE8}") = "core", "core", "{BA340179-B2AB-4912-9A9F-4315FAA3F502}"
EndProject
Project("{FAE04EC0-301F-11D3-BF4B-00C04F79EFBC}") = "Luby.Core", "src\core\Luby.Core\Luby.Core.csproj", "{DAF93838-7033-4112-B3BC-79107875B4E8}"
EndProject
Global
	GlobalSection(SolutionConfigurationPlatforms) = preSolution
		Debug|Any CPU = Debug|Any CPU
		Debug|x64 = Debug|x64
		Debug|x86 = Debug|x86
		Release|Any CPU = Release|Any CPU
		Release|x64 = Release|x64
		Release|x86 = Release|x86
	EndGlobalSection
	GlobalSection(SolutionProperties) = preSolution
		HideSolutionNode = FALSE
	EndGlobalSection
	GlobalSection(ProjectConfigurationPlatforms) = postSolution
		{DAF93838-7033-4112-B3BC-79107875B4E8}.Debug|Any CPU.ActiveCfg = Debug|Any CPU
		{DAF93838-7033-4112-B3BC-79107875B4E8}.Debug|Any CPU.Build.0 = Debug|Any CPU
		{DAF93838-7033-4112-B3BC-79107875B4E8}.Debug|x64.ActiveCfg = Debug|Any CPU
		{DAF93838-7033-4112-B3BC-79107875B4E8}.Debug|x64.Build.0 = Debug|Any CPU
		{DAF93838-7033-4112-B3BC-79107875B4E8}.Debug|x86.ActiveCfg = Debug|Any CPU
		{DAF93838-7033-4112-B3BC-79107875B4E8}.Debug|x86.Build.0 = Debug|Any CPU
		{DAF93838-7033-4112-B3BC-79107875B4E8}.Release|Any CPU.ActiveCfg = Release|Any CPU
		{DAF93838-7033-4112-B3BC-79107875B4E8}.Release|Any CPU.Build.0 = Release|Any CPU
		{DAF93838-7033-4112-B3BC-79107875B4E8}.Release|x64.ActiveCfg = Release|Any CPU
		{DAF93838-7033-4112-B3BC-79107875B4E8}.Release|x64.Build.0 = Release|Any CPU
		{DAF93838-7033-4112-B3BC-79107875B4E8}.Release|x86.ActiveCfg = Release|Any CPU
		{DAF93838-7033-4112-B3BC-79107875B4E8}.Release|x86.Build.0 = Release|Any CPU
	EndGlobalSection
	GlobalSection(NestedProjects) = preSolution
		{BA340179-B2AB-4912-9A9F-4315FAA3F502} = {DA7E3E4C-74DA-4E42-A518-1068F6E07545}
		{DAF93838-7033-4112-B3BC-79107875B4E8} = {BA340179-B2AB-4912-9A9F-4315FAA3F502}
	EndGlobalSection
EndGlobal
