
Microsoft Visual Studio Solution File, Format Version 12.00
# Visual Studio Version 16
VisualStudioVersion = 16.0.30907.101
MinimumVisualStudioVersion = 10.0.40219.1
Project("{9A19103F-16F7-4668-BE54-9A1E7A4F7556}") = "ApiRestDevs", "ApiRestDevs\ApiRestDevs.csproj", "{30FD96E4-8EA4-44DE-AD3A-AE64A84541D4}"
EndProject
Project("{FAE04EC0-301F-11D3-BF4B-00C04F79EFBC}") = "ApiRestWebClient", "ApiRestWebClient\ApiRestWebClient.csproj", "{C48DD1A5-114F-46EA-8E66-101BE06CB0D7}"
EndProject
Global
	GlobalSection(SolutionConfigurationPlatforms) = preSolution
		Debug|Any CPU = Debug|Any CPU
		Release|Any CPU = Release|Any CPU
	EndGlobalSection
	GlobalSection(ProjectConfigurationPlatforms) = postSolution
		{30FD96E4-8EA4-44DE-AD3A-AE64A84541D4}.Debug|Any CPU.ActiveCfg = Debug|Any CPU
		{30FD96E4-8EA4-44DE-AD3A-AE64A84541D4}.Debug|Any CPU.Build.0 = Debug|Any CPU
		{30FD96E4-8EA4-44DE-AD3A-AE64A84541D4}.Release|Any CPU.ActiveCfg = Release|Any CPU
		{30FD96E4-8EA4-44DE-AD3A-AE64A84541D4}.Release|Any CPU.Build.0 = Release|Any CPU
		{C48DD1A5-114F-46EA-8E66-101BE06CB0D7}.Debug|Any CPU.ActiveCfg = Debug|Any CPU
		{C48DD1A5-114F-46EA-8E66-101BE06CB0D7}.Debug|Any CPU.Build.0 = Debug|Any CPU
		{C48DD1A5-114F-46EA-8E66-101BE06CB0D7}.Release|Any CPU.ActiveCfg = Release|Any CPU
		{C48DD1A5-114F-46EA-8E66-101BE06CB0D7}.Release|Any CPU.Build.0 = Release|Any CPU
	EndGlobalSection
	GlobalSection(SolutionProperties) = preSolution
		HideSolutionNode = FALSE
	EndGlobalSection
	GlobalSection(ExtensibilityGlobals) = postSolution
		SolutionGuid = {7B870356-D9F1-4839-8266-0C073757857C}
	EndGlobalSection
EndGlobal
