
Microsoft Visual Studio Solution File, Format Version 12.00
# Visual Studio Version 16
VisualStudioVersion = 16.0.30406.217
MinimumVisualStudioVersion = 10.0.40219.1
Project("{2150E333-8FDC-42A3-9474-1A3956D46DE8}") = "src", "src", "{CA066DBC-D33B-4984-AD92-E5DF7F840C22}"
EndProject
Project("{2150E333-8FDC-42A3-9474-1A3956D46DE8}") = "Api", "Api", "{F246A0B4-0FB9-4A61-B06C-C2F99241BC67}"
EndProject
Project("{2150E333-8FDC-42A3-9474-1A3956D46DE8}") = "Domain", "Domain", "{FE58F275-108D-44D6-AAEC-FAE1D445EB49}"
EndProject
Project("{2150E333-8FDC-42A3-9474-1A3956D46DE8}") = "Infra", "Infra", "{B73C6FBD-6D27-4030-B1D4-CB9C868FF683}"
EndProject
Project("{2150E333-8FDC-42A3-9474-1A3956D46DE8}") = "Test", "Test", "{69EBE7FE-ABF3-4BB5-AD9C-5712A343A20C}"
EndProject
Project("{FAE04EC0-301F-11D3-BF4B-00C04F79EFBC}") = "LTS.API", "src\Api\LTS.API\LTS.API.csproj", "{FF85B974-C78F-4DD4-941E-2EF49125274A}"
EndProject
Project("{FAE04EC0-301F-11D3-BF4B-00C04F79EFBC}") = "LTS.Domain", "src\Domain\LTS.Domain\LTS.Domain.csproj", "{88D723D0-A1C6-4C0D-9BE6-40594CE4784E}"
EndProject
Project("{FAE04EC0-301F-11D3-BF4B-00C04F79EFBC}") = "LTS.Infra", "src\Infra\LTS.Infra\LTS.Infra.csproj", "{4D90560E-D43E-4B84-94AA-1E71913CF73E}"
EndProject
Project("{FAE04EC0-301F-11D3-BF4B-00C04F79EFBC}") = "LTS.Test", "src\Test\LTS.Test\LTS.Test.csproj", "{EC12465E-25FC-4B33-BB3D-933DF18BE4D5}"
EndProject
Global
	GlobalSection(SolutionConfigurationPlatforms) = preSolution
		Debug|Any CPU = Debug|Any CPU
		Release|Any CPU = Release|Any CPU
	EndGlobalSection
	GlobalSection(ProjectConfigurationPlatforms) = postSolution
		{FF85B974-C78F-4DD4-941E-2EF49125274A}.Debug|Any CPU.ActiveCfg = Debug|Any CPU
		{FF85B974-C78F-4DD4-941E-2EF49125274A}.Debug|Any CPU.Build.0 = Debug|Any CPU
		{FF85B974-C78F-4DD4-941E-2EF49125274A}.Release|Any CPU.ActiveCfg = Release|Any CPU
		{FF85B974-C78F-4DD4-941E-2EF49125274A}.Release|Any CPU.Build.0 = Release|Any CPU
		{88D723D0-A1C6-4C0D-9BE6-40594CE4784E}.Debug|Any CPU.ActiveCfg = Debug|Any CPU
		{88D723D0-A1C6-4C0D-9BE6-40594CE4784E}.Debug|Any CPU.Build.0 = Debug|Any CPU
		{88D723D0-A1C6-4C0D-9BE6-40594CE4784E}.Release|Any CPU.ActiveCfg = Release|Any CPU
		{88D723D0-A1C6-4C0D-9BE6-40594CE4784E}.Release|Any CPU.Build.0 = Release|Any CPU
		{4D90560E-D43E-4B84-94AA-1E71913CF73E}.Debug|Any CPU.ActiveCfg = Debug|Any CPU
		{4D90560E-D43E-4B84-94AA-1E71913CF73E}.Debug|Any CPU.Build.0 = Debug|Any CPU
		{4D90560E-D43E-4B84-94AA-1E71913CF73E}.Release|Any CPU.ActiveCfg = Release|Any CPU
		{4D90560E-D43E-4B84-94AA-1E71913CF73E}.Release|Any CPU.Build.0 = Release|Any CPU
		{EC12465E-25FC-4B33-BB3D-933DF18BE4D5}.Debug|Any CPU.ActiveCfg = Debug|Any CPU
		{EC12465E-25FC-4B33-BB3D-933DF18BE4D5}.Debug|Any CPU.Build.0 = Debug|Any CPU
		{EC12465E-25FC-4B33-BB3D-933DF18BE4D5}.Release|Any CPU.ActiveCfg = Release|Any CPU
		{EC12465E-25FC-4B33-BB3D-933DF18BE4D5}.Release|Any CPU.Build.0 = Release|Any CPU
	EndGlobalSection
	GlobalSection(SolutionProperties) = preSolution
		HideSolutionNode = FALSE
	EndGlobalSection
	GlobalSection(NestedProjects) = preSolution
		{F246A0B4-0FB9-4A61-B06C-C2F99241BC67} = {CA066DBC-D33B-4984-AD92-E5DF7F840C22}
		{FE58F275-108D-44D6-AAEC-FAE1D445EB49} = {CA066DBC-D33B-4984-AD92-E5DF7F840C22}
		{B73C6FBD-6D27-4030-B1D4-CB9C868FF683} = {CA066DBC-D33B-4984-AD92-E5DF7F840C22}
		{69EBE7FE-ABF3-4BB5-AD9C-5712A343A20C} = {CA066DBC-D33B-4984-AD92-E5DF7F840C22}
		{FF85B974-C78F-4DD4-941E-2EF49125274A} = {F246A0B4-0FB9-4A61-B06C-C2F99241BC67}
		{88D723D0-A1C6-4C0D-9BE6-40594CE4784E} = {FE58F275-108D-44D6-AAEC-FAE1D445EB49}
		{4D90560E-D43E-4B84-94AA-1E71913CF73E} = {B73C6FBD-6D27-4030-B1D4-CB9C868FF683}
		{EC12465E-25FC-4B33-BB3D-933DF18BE4D5} = {69EBE7FE-ABF3-4BB5-AD9C-5712A343A20C}
	EndGlobalSection
	GlobalSection(ExtensibilityGlobals) = postSolution
		SolutionGuid = {8F84C88E-8470-4DAB-89D8-DBCAC19987AF}
	EndGlobalSection
EndGlobal
