
Microsoft Visual Studio Solution File, Format Version 12.00
# Visual Studio Version 16
VisualStudioVersion = 16.0.30413.136
MinimumVisualStudioVersion = 10.0.40219.1
Project("{FAE04EC0-301F-11D3-BF4B-00C04F79EFBC}") = "Luby", "Luby.csproj", "{D485ED40-20F3-4C92-87E3-AE5B0B18C21C}"
EndProject
Global
	GlobalSection(SolutionConfigurationPlatforms) = preSolution
		Debug|Any CPU = Debug|Any CPU
		Release|Any CPU = Release|Any CPU
	EndGlobalSection
	GlobalSection(ProjectConfigurationPlatforms) = postSolution
		{D485ED40-20F3-4C92-87E3-AE5B0B18C21C}.Debug|Any CPU.ActiveCfg = Debug|Any CPU
		{D485ED40-20F3-4C92-87E3-AE5B0B18C21C}.Debug|Any CPU.Build.0 = Debug|Any CPU
		{D485ED40-20F3-4C92-87E3-AE5B0B18C21C}.Release|Any CPU.ActiveCfg = Release|Any CPU
		{D485ED40-20F3-4C92-87E3-AE5B0B18C21C}.Release|Any CPU.Build.0 = Release|Any CPU
	EndGlobalSection
	GlobalSection(SolutionProperties) = preSolution
		HideSolutionNode = FALSE
	EndGlobalSection
	GlobalSection(ExtensibilityGlobals) = postSolution
		SolutionGuid = {C044AA67-ACC2-41DD-8212-55087DCA7320}
	EndGlobalSection
EndGlobal
