
Microsoft Visual Studio Solution File, Format Version 12.00
# Visual Studio Version 16
VisualStudioVersion = 16.0.30611.23
MinimumVisualStudioVersion = 10.0.40219.1
Project("{9A19103F-16F7-4668-BE54-9A1E7A4F7556}") = "TesteDotNet.ControleHoras.ClienteWeb", "TesteDotNet.ControleHoras.ClienteWeb\TesteDotNet.ControleHoras.ClienteWeb.csproj", "{3F5E1AB9-46AE-4172-A4AF-1F56ED188279}"
EndProject
Global
	GlobalSection(SolutionConfigurationPlatforms) = preSolution
		Debug|Any CPU = Debug|Any CPU
		Release|Any CPU = Release|Any CPU
	EndGlobalSection
	GlobalSection(ProjectConfigurationPlatforms) = postSolution
		{3F5E1AB9-46AE-4172-A4AF-1F56ED188279}.Debug|Any CPU.ActiveCfg = Debug|Any CPU
		{3F5E1AB9-46AE-4172-A4AF-1F56ED188279}.Debug|Any CPU.Build.0 = Debug|Any CPU
		{3F5E1AB9-46AE-4172-A4AF-1F56ED188279}.Release|Any CPU.ActiveCfg = Release|Any CPU
		{3F5E1AB9-46AE-4172-A4AF-1F56ED188279}.Release|Any CPU.Build.0 = Release|Any CPU
	EndGlobalSection
	GlobalSection(SolutionProperties) = preSolution
		HideSolutionNode = FALSE
	EndGlobalSection
	GlobalSection(ExtensibilityGlobals) = postSolution
		SolutionGuid = {D3200C33-DE2F-434D-92DF-3535AD8AB242}
	EndGlobalSection
EndGlobal
