
Microsoft Visual Studio Solution File, Format Version 12.00
# Visual Studio Version 16
VisualStudioVersion = 16.0.30413.136
MinimumVisualStudioVersion = 10.0.40219.1
Project("{9A19103F-16F7-4668-BE54-9A1E7A4F7556}") = "Hours.API", "Hours.API\Hours.API.csproj", "{9BE6FA51-5DD7-40F3-A362-82E30DD0724A}"
EndProject
Project("{9A19103F-16F7-4668-BE54-9A1E7A4F7556}") = "Hours.Application", "Hours.Application\Hours.Application.csproj", "{059142A4-D400-48E4-9963-432BF9A2C37D}"
EndProject
Project("{9A19103F-16F7-4668-BE54-9A1E7A4F7556}") = "Hours.Domain", "Hours.Domain\Hours.Domain.csproj", "{37EE0F42-145E-47C9-A4E3-03D6437045A0}"
EndProject
Project("{9A19103F-16F7-4668-BE54-9A1E7A4F7556}") = "Hours.Infra", "Hours.Infra\Hours.Infra.csproj", "{542DB5E8-A1AF-489E-99CF-1CABDEB75917}"
EndProject
Project("{FAE04EC0-301F-11D3-BF4B-00C04F79EFBC}") = "Hours.Domain.Shared", "Hours.Domain.Shared\Hours.Domain.Shared.csproj", "{AB334806-EDF7-4218-BF9E-AA80FD4DBDF9}"
EndProject
Global
	GlobalSection(SolutionConfigurationPlatforms) = preSolution
		Debug|Any CPU = Debug|Any CPU
		Release|Any CPU = Release|Any CPU
	EndGlobalSection
	GlobalSection(ProjectConfigurationPlatforms) = postSolution
		{9BE6FA51-5DD7-40F3-A362-82E30DD0724A}.Debug|Any CPU.ActiveCfg = Debug|Any CPU
		{9BE6FA51-5DD7-40F3-A362-82E30DD0724A}.Debug|Any CPU.Build.0 = Debug|Any CPU
		{9BE6FA51-5DD7-40F3-A362-82E30DD0724A}.Release|Any CPU.ActiveCfg = Release|Any CPU
		{9BE6FA51-5DD7-40F3-A362-82E30DD0724A}.Release|Any CPU.Build.0 = Release|Any CPU
		{059142A4-D400-48E4-9963-432BF9A2C37D}.Debug|Any CPU.ActiveCfg = Debug|Any CPU
		{059142A4-D400-48E4-9963-432BF9A2C37D}.Debug|Any CPU.Build.0 = Debug|Any CPU
		{059142A4-D400-48E4-9963-432BF9A2C37D}.Release|Any CPU.ActiveCfg = Release|Any CPU
		{059142A4-D400-48E4-9963-432BF9A2C37D}.Release|Any CPU.Build.0 = Release|Any CPU
		{37EE0F42-145E-47C9-A4E3-03D6437045A0}.Debug|Any CPU.ActiveCfg = Debug|Any CPU
		{37EE0F42-145E-47C9-A4E3-03D6437045A0}.Debug|Any CPU.Build.0 = Debug|Any CPU
		{37EE0F42-145E-47C9-A4E3-03D6437045A0}.Release|Any CPU.ActiveCfg = Release|Any CPU
		{37EE0F42-145E-47C9-A4E3-03D6437045A0}.Release|Any CPU.Build.0 = Release|Any CPU
		{542DB5E8-A1AF-489E-99CF-1CABDEB75917}.Debug|Any CPU.ActiveCfg = Debug|Any CPU
		{542DB5E8-A1AF-489E-99CF-1CABDEB75917}.Debug|Any CPU.Build.0 = Debug|Any CPU
		{542DB5E8-A1AF-489E-99CF-1CABDEB75917}.Release|Any CPU.ActiveCfg = Release|Any CPU
		{542DB5E8-A1AF-489E-99CF-1CABDEB75917}.Release|Any CPU.Build.0 = Release|Any CPU
		{AB334806-EDF7-4218-BF9E-AA80FD4DBDF9}.Debug|Any CPU.ActiveCfg = Debug|Any CPU
		{AB334806-EDF7-4218-BF9E-AA80FD4DBDF9}.Debug|Any CPU.Build.0 = Debug|Any CPU
		{AB334806-EDF7-4218-BF9E-AA80FD4DBDF9}.Release|Any CPU.ActiveCfg = Release|Any CPU
		{AB334806-EDF7-4218-BF9E-AA80FD4DBDF9}.Release|Any CPU.Build.0 = Release|Any CPU
	EndGlobalSection
	GlobalSection(SolutionProperties) = preSolution
		HideSolutionNode = FALSE
	EndGlobalSection
	GlobalSection(ExtensibilityGlobals) = postSolution
		SolutionGuid = {8DECD067-71D2-4861-A6CF-C5ED38678DA4}
	EndGlobalSection
EndGlobal
