
Microsoft Visual Studio Solution File, Format Version 12.00
# Visual Studio 15
VisualStudioVersion = 15.0.26124.0
MinimumVisualStudioVersion = 15.0.26124.0
Project("{FAE04EC0-301F-11D3-BF4B-00C04F79EFBC}") = "TimeSheetManager.Domain", "TimeSheetManager.Domain\TimeSheetManager.Domain.csproj", "{35164FB9-CD8E-4B55-8E5E-4A2080B76620}"
EndProject
Project("{FAE04EC0-301F-11D3-BF4B-00C04F79EFBC}") = "TimeSheetManager.App", "TimeSheetManager.App\TimeSheetManager.App.csproj", "{E135DD8E-68DE-43D5-A044-88F64DC6D483}"
EndProject
Project("{FAE04EC0-301F-11D3-BF4B-00C04F79EFBC}") = "TimeSheetManager.Api", "TimeSheetManager.Api\TimeSheetManager.Api.csproj", "{4DE4DC87-126C-4841-AC22-A1A008BC3363}"
EndProject
Project("{FAE04EC0-301F-11D3-BF4B-00C04F79EFBC}") = "TimeSheetManager.Infra", "TimeSheetManager.Infra\TimeSheetManager.Infra.csproj", "{156A64DB-545A-41A4-A0EF-68E28721E484}"
EndProject
Project("{FAE04EC0-301F-11D3-BF4B-00C04F79EFBC}") = "TimeSheetManager.Tests", "TimeSheetManager.Tests\TimeSheetManager.Tests.csproj", "{C1A41E6E-F2F3-426B-AF6F-AFBEA62BEF42}"
EndProject
Global
	GlobalSection(SolutionConfigurationPlatforms) = preSolution
		Debug|Any CPU = Debug|Any CPU
		Debug|x64 = Debug|x64
		Debug|x86 = Debug|x86
		Release|Any CPU = Release|Any CPU
		Release|x64 = Release|x64
		Release|x86 = Release|x86
	EndGlobalSection
	GlobalSection(SolutionProperties) = preSolution
		HideSolutionNode = FALSE
	EndGlobalSection
	GlobalSection(ProjectConfigurationPlatforms) = postSolution
		{35164FB9-CD8E-4B55-8E5E-4A2080B76620}.Debug|Any CPU.ActiveCfg = Debug|Any CPU
		{35164FB9-CD8E-4B55-8E5E-4A2080B76620}.Debug|Any CPU.Build.0 = Debug|Any CPU
		{35164FB9-CD8E-4B55-8E5E-4A2080B76620}.Debug|x64.ActiveCfg = Debug|Any CPU
		{35164FB9-CD8E-4B55-8E5E-4A2080B76620}.Debug|x64.Build.0 = Debug|Any CPU
		{35164FB9-CD8E-4B55-8E5E-4A2080B76620}.Debug|x86.ActiveCfg = Debug|Any CPU
		{35164FB9-CD8E-4B55-8E5E-4A2080B76620}.Debug|x86.Build.0 = Debug|Any CPU
		{35164FB9-CD8E-4B55-8E5E-4A2080B76620}.Release|Any CPU.ActiveCfg = Release|Any CPU
		{35164FB9-CD8E-4B55-8E5E-4A2080B76620}.Release|Any CPU.Build.0 = Release|Any CPU
		{35164FB9-CD8E-4B55-8E5E-4A2080B76620}.Release|x64.ActiveCfg = Release|Any CPU
		{35164FB9-CD8E-4B55-8E5E-4A2080B76620}.Release|x64.Build.0 = Release|Any CPU
		{35164FB9-CD8E-4B55-8E5E-4A2080B76620}.Release|x86.ActiveCfg = Release|Any CPU
		{35164FB9-CD8E-4B55-8E5E-4A2080B76620}.Release|x86.Build.0 = Release|Any CPU
		{E135DD8E-68DE-43D5-A044-88F64DC6D483}.Debug|Any CPU.ActiveCfg = Debug|Any CPU
		{E135DD8E-68DE-43D5-A044-88F64DC6D483}.Debug|Any CPU.Build.0 = Debug|Any CPU
		{E135DD8E-68DE-43D5-A044-88F64DC6D483}.Debug|x64.ActiveCfg = Debug|Any CPU
		{E135DD8E-68DE-43D5-A044-88F64DC6D483}.Debug|x64.Build.0 = Debug|Any CPU
		{E135DD8E-68DE-43D5-A044-88F64DC6D483}.Debug|x86.ActiveCfg = Debug|Any CPU
		{E135DD8E-68DE-43D5-A044-88F64DC6D483}.Debug|x86.Build.0 = Debug|Any CPU
		{E135DD8E-68DE-43D5-A044-88F64DC6D483}.Release|Any CPU.ActiveCfg = Release|Any CPU
		{E135DD8E-68DE-43D5-A044-88F64DC6D483}.Release|Any CPU.Build.0 = Release|Any CPU
		{E135DD8E-68DE-43D5-A044-88F64DC6D483}.Release|x64.ActiveCfg = Release|Any CPU
		{E135DD8E-68DE-43D5-A044-88F64DC6D483}.Release|x64.Build.0 = Release|Any CPU
		{E135DD8E-68DE-43D5-A044-88F64DC6D483}.Release|x86.ActiveCfg = Release|Any CPU
		{E135DD8E-68DE-43D5-A044-88F64DC6D483}.Release|x86.Build.0 = Release|Any CPU
		{4DE4DC87-126C-4841-AC22-A1A008BC3363}.Debug|Any CPU.ActiveCfg = Debug|Any CPU
		{4DE4DC87-126C-4841-AC22-A1A008BC3363}.Debug|Any CPU.Build.0 = Debug|Any CPU
		{4DE4DC87-126C-4841-AC22-A1A008BC3363}.Debug|x64.ActiveCfg = Debug|Any CPU
		{4DE4DC87-126C-4841-AC22-A1A008BC3363}.Debug|x64.Build.0 = Debug|Any CPU
		{4DE4DC87-126C-4841-AC22-A1A008BC3363}.Debug|x86.ActiveCfg = Debug|Any CPU
		{4DE4DC87-126C-4841-AC22-A1A008BC3363}.Debug|x86.Build.0 = Debug|Any CPU
		{4DE4DC87-126C-4841-AC22-A1A008BC3363}.Release|Any CPU.ActiveCfg = Release|Any CPU
		{4DE4DC87-126C-4841-AC22-A1A008BC3363}.Release|Any CPU.Build.0 = Release|Any CPU
		{4DE4DC87-126C-4841-AC22-A1A008BC3363}.Release|x64.ActiveCfg = Release|Any CPU
		{4DE4DC87-126C-4841-AC22-A1A008BC3363}.Release|x64.Build.0 = Release|Any CPU
		{4DE4DC87-126C-4841-AC22-A1A008BC3363}.Release|x86.ActiveCfg = Release|Any CPU
		{4DE4DC87-126C-4841-AC22-A1A008BC3363}.Release|x86.Build.0 = Release|Any CPU
		{156A64DB-545A-41A4-A0EF-68E28721E484}.Debug|Any CPU.ActiveCfg = Debug|Any CPU
		{156A64DB-545A-41A4-A0EF-68E28721E484}.Debug|Any CPU.Build.0 = Debug|Any CPU
		{156A64DB-545A-41A4-A0EF-68E28721E484}.Debug|x64.ActiveCfg = Debug|Any CPU
		{156A64DB-545A-41A4-A0EF-68E28721E484}.Debug|x64.Build.0 = Debug|Any CPU
		{156A64DB-545A-41A4-A0EF-68E28721E484}.Debug|x86.ActiveCfg = Debug|Any CPU
		{156A64DB-545A-41A4-A0EF-68E28721E484}.Debug|x86.Build.0 = Debug|Any CPU
		{156A64DB-545A-41A4-A0EF-68E28721E484}.Release|Any CPU.ActiveCfg = Release|Any CPU
		{156A64DB-545A-41A4-A0EF-68E28721E484}.Release|Any CPU.Build.0 = Release|Any CPU
		{156A64DB-545A-41A4-A0EF-68E28721E484}.Release|x64.ActiveCfg = Release|Any CPU
		{156A64DB-545A-41A4-A0EF-68E28721E484}.Release|x64.Build.0 = Release|Any CPU
		{156A64DB-545A-41A4-A0EF-68E28721E484}.Release|x86.ActiveCfg = Release|Any CPU
		{156A64DB-545A-41A4-A0EF-68E28721E484}.Release|x86.Build.0 = Release|Any CPU
		{C1A41E6E-F2F3-426B-AF6F-AFBEA62BEF42}.Debug|Any CPU.ActiveCfg = Debug|Any CPU
		{C1A41E6E-F2F3-426B-AF6F-AFBEA62BEF42}.Debug|Any CPU.Build.0 = Debug|Any CPU
		{C1A41E6E-F2F3-426B-AF6F-AFBEA62BEF42}.Debug|x64.ActiveCfg = Debug|Any CPU
		{C1A41E6E-F2F3-426B-AF6F-AFBEA62BEF42}.Debug|x64.Build.0 = Debug|Any CPU
		{C1A41E6E-F2F3-426B-AF6F-AFBEA62BEF42}.Debug|x86.ActiveCfg = Debug|Any CPU
		{C1A41E6E-F2F3-426B-AF6F-AFBEA62BEF42}.Debug|x86.Build.0 = Debug|Any CPU
		{C1A41E6E-F2F3-426B-AF6F-AFBEA62BEF42}.Release|Any CPU.ActiveCfg = Release|Any CPU
		{C1A41E6E-F2F3-426B-AF6F-AFBEA62BEF42}.Release|Any CPU.Build.0 = Release|Any CPU
		{C1A41E6E-F2F3-426B-AF6F-AFBEA62BEF42}.Release|x64.ActiveCfg = Release|Any CPU
		{C1A41E6E-F2F3-426B-AF6F-AFBEA62BEF42}.Release|x64.Build.0 = Release|Any CPU
		{C1A41E6E-F2F3-426B-AF6F-AFBEA62BEF42}.Release|x86.ActiveCfg = Release|Any CPU
		{C1A41E6E-F2F3-426B-AF6F-AFBEA62BEF42}.Release|x86.Build.0 = Release|Any CPU
	EndGlobalSection
EndGlobal
